
Microsoft Visual Studio Solution File, Format Version 12.00
# Visual Studio Version 17
VisualStudioVersion = 17.0.31717.71
MinimumVisualStudioVersion = 10.0.40219.1
Project("{2150E333-8FDC-42A3-9474-1A3956D46DE8}") = "Solution Items", "Solution Items", "{8EF2FBD6-A0B9-4A98-A1BD-12D2DE0469D2}"
EndProject
Project("{9A19103F-16F7-4668-BE54-9A1E7A4F7556}") = "Energy.RestService", "Energy.RestService\Energy.RestService.csproj", "{E622B49E-9554-4D1B-9ABC-B9595FF1C1D0}"
EndProject
Project("{9A19103F-16F7-4668-BE54-9A1E7A4F7556}") = "Energy.Infrastructure", "Energy.Infrastructure\Energy.Infrastructure.csproj", "{5725289F-2981-4BC4-AF1F-A933AD6A847B}"
EndProject
Project("{9A19103F-16F7-4668-BE54-9A1E7A4F7556}") = "Energy.Domain", "Energy.Domain\Energy.Domain.csproj", "{C64542F6-E825-476C-A023-F05F283BF4A5}"
EndProject
Project("{9A19103F-16F7-4668-BE54-9A1E7A4F7556}") = "Energy.DatabaseInitializer", "Energy.DatabaseInitializer\Energy.DatabaseInitializer.csproj", "{CA9D0D09-9D05-486A-AB59-BF4D076029C3}"
EndProject
Global
	GlobalSection(SolutionConfigurationPlatforms) = preSolution
		Debug|Any CPU = Debug|Any CPU
		Release|Any CPU = Release|Any CPU
	EndGlobalSection
	GlobalSection(ProjectConfigurationPlatforms) = postSolution
		{E622B49E-9554-4D1B-9ABC-B9595FF1C1D0}.Debug|Any CPU.ActiveCfg = Debug|Any CPU
		{E622B49E-9554-4D1B-9ABC-B9595FF1C1D0}.Debug|Any CPU.Build.0 = Debug|Any CPU
		{E622B49E-9554-4D1B-9ABC-B9595FF1C1D0}.Release|Any CPU.ActiveCfg = Release|Any CPU
		{E622B49E-9554-4D1B-9ABC-B9595FF1C1D0}.Release|Any CPU.Build.0 = Release|Any CPU
		{5725289F-2981-4BC4-AF1F-A933AD6A847B}.Debug|Any CPU.ActiveCfg = Debug|Any CPU
		{5725289F-2981-4BC4-AF1F-A933AD6A847B}.Debug|Any CPU.Build.0 = Debug|Any CPU
		{5725289F-2981-4BC4-AF1F-A933AD6A847B}.Release|Any CPU.ActiveCfg = Release|Any CPU
		{5725289F-2981-4BC4-AF1F-A933AD6A847B}.Release|Any CPU.Build.0 = Release|Any CPU
		{C64542F6-E825-476C-A023-F05F283BF4A5}.Debug|Any CPU.ActiveCfg = Debug|Any CPU
		{C64542F6-E825-476C-A023-F05F283BF4A5}.Debug|Any CPU.Build.0 = Debug|Any CPU
		{C64542F6-E825-476C-A023-F05F283BF4A5}.Release|Any CPU.ActiveCfg = Release|Any CPU
		{C64542F6-E825-476C-A023-F05F283BF4A5}.Release|Any CPU.Build.0 = Release|Any CPU
		{CA9D0D09-9D05-486A-AB59-BF4D076029C3}.Debug|Any CPU.ActiveCfg = Debug|Any CPU
		{CA9D0D09-9D05-486A-AB59-BF4D076029C3}.Debug|Any CPU.Build.0 = Debug|Any CPU
		{CA9D0D09-9D05-486A-AB59-BF4D076029C3}.Release|Any CPU.ActiveCfg = Release|Any CPU
		{CA9D0D09-9D05-486A-AB59-BF4D076029C3}.Release|Any CPU.Build.0 = Release|Any CPU
	EndGlobalSection
	GlobalSection(SolutionProperties) = preSolution
		HideSolutionNode = FALSE
	EndGlobalSection
	GlobalSection(ExtensibilityGlobals) = postSolution
		SolutionGuid = {19116053-EEC1-46C2-A1BC-83C64AE7390E}
	EndGlobalSection
EndGlobal
